// !$*UTF8*$!
{
	archiveVersion = 1;
	classes = {
	};
	objectVersion = 56;
	objects = {

/* Begin PBXBuildFile section */
		4BC24D982AFE47A5009BE9E4 /* ZoomMonitoringSwiftUIApp.swift in Sources */ = {isa = PBXBuildFile; fileRef = 4BC24D972AFE47A5009BE9E4 /* ZoomMonitoringSwiftUIApp.swift */; };
		4BC24D9A2AFE47A5009BE9E4 /* ContentView.swift in Sources */ = {isa = PBXBuildFile; fileRef = 4BC24D992AFE47A5009BE9E4 /* ContentView.swift */; };
		4BC24D9C2AFE47A6009BE9E4 /* Assets.xcassets in Resources */ = {isa = PBXBuildFile; fileRef = 4BC24D9B2AFE47A6009BE9E4 /* Assets.xcassets */; };
		4BC24D9F2AFE47A6009BE9E4 /* Preview Assets.xcassets in Resources */ = {isa = PBXBuildFile; fileRef = 4BC24D9E2AFE47A6009BE9E4 /* Preview Assets.xcassets */; };
		4BC24DAA2AFE47A6009BE9E4 /* ZoomMonitoringSwiftUITests.swift in Sources */ = {isa = PBXBuildFile; fileRef = 4BC24DA92AFE47A6009BE9E4 /* ZoomMonitoringSwiftUITests.swift */; };
		4BC24DB42AFE47A6009BE9E4 /* ZoomMonitoringSwiftUIUITests.swift in Sources */ = {isa = PBXBuildFile; fileRef = 4BC24DB32AFE47A6009BE9E4 /* ZoomMonitoringSwiftUIUITests.swift */; };
		4BC24DB62AFE47A6009BE9E4 /* ZoomMonitoringSwiftUIUITestsLaunchTests.swift in Sources */ = {isa = PBXBuildFile; fileRef = 4BC24DB52AFE47A6009BE9E4 /* ZoomMonitoringSwiftUIUITestsLaunchTests.swift */; };
		4BC24DC32AFE4974009BE9E4 /* Store.swift in Sources */ = {isa = PBXBuildFile; fileRef = 4BC24DC22AFE4974009BE9E4 /* Store.swift */; };
		4BC24F212B054328009BE9E4 /* Discord in Frameworks */ = {isa = PBXBuildFile; productRef = 4BC24F202B054328009BE9E4 /* Discord */; };
		4BC24F232B05434A009BE9E4 /* DiscordManager.swift in Sources */ = {isa = PBXBuildFile; fileRef = 4BC24F222B05434A009BE9E4 /* DiscordManager.swift */; };
/* End PBXBuildFile section */

/* Begin PBXContainerItemProxy section */
		4BC24DA62AFE47A6009BE9E4 /* PBXContainerItemProxy */ = {
			isa = PBXContainerItemProxy;
			containerPortal = 4BC24D8C2AFE47A5009BE9E4 /* Project object */;
			proxyType = 1;
			remoteGlobalIDString = 4BC24D932AFE47A5009BE9E4;
			remoteInfo = ZoomMonitoringSwiftUI;
		};
		4BC24DB02AFE47A6009BE9E4 /* PBXContainerItemProxy */ = {
			isa = PBXContainerItemProxy;
			containerPortal = 4BC24D8C2AFE47A5009BE9E4 /* Project object */;
			proxyType = 1;
			remoteGlobalIDString = 4BC24D932AFE47A5009BE9E4;
			remoteInfo = ZoomMonitoringSwiftUI;
		};
/* End PBXContainerItemProxy section */

/* Begin PBXCopyFilesBuildPhase section */
		4BC24DD82AFFDBDE009BE9E4 /* Embed Libraries */ = {
			isa = PBXCopyFilesBuildPhase;
			buildActionMask = 2147483647;
			dstPath = "";
			dstSubfolderSpec = 10;
			files = (
			);
			name = "Embed Libraries";
			runOnlyForDeploymentPostprocessing = 0;
		};
		4BC24DEB2AFFDC3F009BE9E4 /* CopyFiles */ = {
			isa = PBXCopyFilesBuildPhase;
			buildActionMask = 2147483647;
			dstPath = "";
			dstSubfolderSpec = 10;
			files = (
			);
			runOnlyForDeploymentPostprocessing = 0;
		};
		4BC24DF52AFFDC8C009BE9E4 /* CopyFiles */ = {
			isa = PBXCopyFilesBuildPhase;
			buildActionMask = 2147483647;
			dstPath = "";
			dstSubfolderSpec = 13;
			files = (
			);
			runOnlyForDeploymentPostprocessing = 0;
		};
		4BC24F112B02AEDE009BE9E4 /* Embed Libraries */ = {
			isa = PBXCopyFilesBuildPhase;
			buildActionMask = 2147483647;
			dstPath = "";
			dstSubfolderSpec = 10;
			files = (
			);
			name = "Embed Libraries";
			runOnlyForDeploymentPostprocessing = 0;
		};
/* End PBXCopyFilesBuildPhase section */

/* Begin PBXFileReference section */
		4BC24D942AFE47A5009BE9E4 /* ZoomMonitoringSwiftUI.app */ = {isa = PBXFileReference; explicitFileType = wrapper.application; includeInIndex = 0; path = ZoomMonitoringSwiftUI.app; sourceTree = BUILT_PRODUCTS_DIR; };
		4BC24D972AFE47A5009BE9E4 /* ZoomMonitoringSwiftUIApp.swift */ = {isa = PBXFileReference; lastKnownFileType = sourcecode.swift; path = ZoomMonitoringSwiftUIApp.swift; sourceTree = "<group>"; };
		4BC24D992AFE47A5009BE9E4 /* ContentView.swift */ = {isa = PBXFileReference; lastKnownFileType = sourcecode.swift; path = ContentView.swift; sourceTree = "<group>"; };
		4BC24D9B2AFE47A6009BE9E4 /* Assets.xcassets */ = {isa = PBXFileReference; lastKnownFileType = folder.assetcatalog; path = Assets.xcassets; sourceTree = "<group>"; };
		4BC24D9E2AFE47A6009BE9E4 /* Preview Assets.xcassets */ = {isa = PBXFileReference; lastKnownFileType = folder.assetcatalog; path = "Preview Assets.xcassets"; sourceTree = "<group>"; };
		4BC24DA02AFE47A6009BE9E4 /* ZoomMonitoringSwiftUI.entitlements */ = {isa = PBXFileReference; lastKnownFileType = text.plist.entitlements; path = ZoomMonitoringSwiftUI.entitlements; sourceTree = "<group>"; };
		4BC24DA52AFE47A6009BE9E4 /* ZoomMonitoringSwiftUITests.xctest */ = {isa = PBXFileReference; explicitFileType = wrapper.cfbundle; includeInIndex = 0; path = ZoomMonitoringSwiftUITests.xctest; sourceTree = BUILT_PRODUCTS_DIR; };
		4BC24DA92AFE47A6009BE9E4 /* ZoomMonitoringSwiftUITests.swift */ = {isa = PBXFileReference; lastKnownFileType = sourcecode.swift; path = ZoomMonitoringSwiftUITests.swift; sourceTree = "<group>"; };
		4BC24DAF2AFE47A6009BE9E4 /* ZoomMonitoringSwiftUIUITests.xctest */ = {isa = PBXFileReference; explicitFileType = wrapper.cfbundle; includeInIndex = 0; path = ZoomMonitoringSwiftUIUITests.xctest; sourceTree = BUILT_PRODUCTS_DIR; };
		4BC24DB32AFE47A6009BE9E4 /* ZoomMonitoringSwiftUIUITests.swift */ = {isa = PBXFileReference; lastKnownFileType = sourcecode.swift; path = ZoomMonitoringSwiftUIUITests.swift; sourceTree = "<group>"; };
		4BC24DB52AFE47A6009BE9E4 /* ZoomMonitoringSwiftUIUITestsLaunchTests.swift */ = {isa = PBXFileReference; lastKnownFileType = sourcecode.swift; path = ZoomMonitoringSwiftUIUITestsLaunchTests.swift; sourceTree = "<group>"; };
		4BC24DC22AFE4974009BE9E4 /* Store.swift */ = {isa = PBXFileReference; lastKnownFileType = sourcecode.swift; path = Store.swift; sourceTree = "<group>"; };
		4BC24DF92AFFDD18009BE9E4 /* Info.plist */ = {isa = PBXFileReference; lastKnownFileType = text.plist; path = Info.plist; sourceTree = "<group>"; };
		4BC24F222B05434A009BE9E4 /* DiscordManager.swift */ = {isa = PBXFileReference; lastKnownFileType = sourcecode.swift; path = DiscordManager.swift; sourceTree = "<group>"; };
/* End PBXFileReference section */

/* Begin PBXFrameworksBuildPhase section */
		4BC24D912AFE47A5009BE9E4 /* Frameworks */ = {
			isa = PBXFrameworksBuildPhase;
			buildActionMask = 2147483647;
			files = (
				4BC24F212B054328009BE9E4 /* Discord in Frameworks */,
			);
			runOnlyForDeploymentPostprocessing = 0;
		};
		4BC24DA22AFE47A6009BE9E4 /* Frameworks */ = {
			isa = PBXFrameworksBuildPhase;
			buildActionMask = 2147483647;
			files = (
			);
			runOnlyForDeploymentPostprocessing = 0;
		};
		4BC24DAC2AFE47A6009BE9E4 /* Frameworks */ = {
			isa = PBXFrameworksBuildPhase;
			buildActionMask = 2147483647;
			files = (
			);
			runOnlyForDeploymentPostprocessing = 0;
		};
/* End PBXFrameworksBuildPhase section */

/* Begin PBXGroup section */
		4BC24D8B2AFE47A5009BE9E4 = {
			isa = PBXGroup;
			children = (
				4BC24D962AFE47A5009BE9E4 /* ZoomMonitoringSwiftUI */,
				4BC24DA82AFE47A6009BE9E4 /* ZoomMonitoringSwiftUITests */,
				4BC24DB22AFE47A6009BE9E4 /* ZoomMonitoringSwiftUIUITests */,
				4BC24D952AFE47A5009BE9E4 /* Products */,
			);
			sourceTree = "<group>";
		};
		4BC24D952AFE47A5009BE9E4 /* Products */ = {
			isa = PBXGroup;
			children = (
				4BC24D942AFE47A5009BE9E4 /* ZoomMonitoringSwiftUI.app */,
				4BC24DA52AFE47A6009BE9E4 /* ZoomMonitoringSwiftUITests.xctest */,
				4BC24DAF2AFE47A6009BE9E4 /* ZoomMonitoringSwiftUIUITests.xctest */,
			);
			name = Products;
			sourceTree = "<group>";
		};
		4BC24D962AFE47A5009BE9E4 /* ZoomMonitoringSwiftUI */ = {
			isa = PBXGroup;
			children = (
				4BC24DF92AFFDD18009BE9E4 /* Info.plist */,
				4BC24D972AFE47A5009BE9E4 /* ZoomMonitoringSwiftUIApp.swift */,
				4BC24D992AFE47A5009BE9E4 /* ContentView.swift */,
				4BC24DC22AFE4974009BE9E4 /* Store.swift */,
				4BC24D9B2AFE47A6009BE9E4 /* Assets.xcassets */,
				4BC24DA02AFE47A6009BE9E4 /* ZoomMonitoringSwiftUI.entitlements */,
				4BC24F222B05434A009BE9E4 /* DiscordManager.swift */,
				4BC24D9D2AFE47A6009BE9E4 /* Preview Content */,
			);
			path = ZoomMonitoringSwiftUI;
			sourceTree = "<group>";
		};
		4BC24D9D2AFE47A6009BE9E4 /* Preview Content */ = {
			isa = PBXGroup;
			children = (
				4BC24D9E2AFE47A6009BE9E4 /* Preview Assets.xcassets */,
			);
			path = "Preview Content";
			sourceTree = "<group>";
		};
		4BC24DA82AFE47A6009BE9E4 /* ZoomMonitoringSwiftUITests */ = {
			isa = PBXGroup;
			children = (
				4BC24DA92AFE47A6009BE9E4 /* ZoomMonitoringSwiftUITests.swift */,
			);
			path = ZoomMonitoringSwiftUITests;
			sourceTree = "<group>";
		};
		4BC24DB22AFE47A6009BE9E4 /* ZoomMonitoringSwiftUIUITests */ = {
			isa = PBXGroup;
			children = (
				4BC24DB32AFE47A6009BE9E4 /* ZoomMonitoringSwiftUIUITests.swift */,
				4BC24DB52AFE47A6009BE9E4 /* ZoomMonitoringSwiftUIUITestsLaunchTests.swift */,
			);
			path = ZoomMonitoringSwiftUIUITests;
			sourceTree = "<group>";
		};
/* End PBXGroup section */

/* Begin PBXNativeTarget section */
		4BC24D932AFE47A5009BE9E4 /* ZoomMonitoringSwiftUI */ = {
			isa = PBXNativeTarget;
			buildConfigurationList = 4BC24DB92AFE47A6009BE9E4 /* Build configuration list for PBXNativeTarget "ZoomMonitoringSwiftUI" */;
			buildPhases = (
				4BC24D902AFE47A5009BE9E4 /* Sources */,
				4BC24D912AFE47A5009BE9E4 /* Frameworks */,
				4BC24D922AFE47A5009BE9E4 /* Resources */,
				4BC24DD82AFFDBDE009BE9E4 /* Embed Libraries */,
				4BC24DEB2AFFDC3F009BE9E4 /* CopyFiles */,
				4BC24DF52AFFDC8C009BE9E4 /* CopyFiles */,
			);
			buildRules = (
			);
			dependencies = (
			);
			name = ZoomMonitoringSwiftUI;
			packageProductDependencies = (
				4BC24F202B054328009BE9E4 /* Discord */,
			);
			productName = ZoomMonitoringSwiftUI;
			productReference = 4BC24D942AFE47A5009BE9E4 /* ZoomMonitoringSwiftUI.app */;
			productType = "com.apple.product-type.application";
		};
		4BC24DA42AFE47A6009BE9E4 /* ZoomMonitoringSwiftUITests */ = {
			isa = PBXNativeTarget;
			buildConfigurationList = 4BC24DBC2AFE47A6009BE9E4 /* Build configuration list for PBXNativeTarget "ZoomMonitoringSwiftUITests" */;
			buildPhases = (
				4BC24DA12AFE47A6009BE9E4 /* Sources */,
				4BC24DA22AFE47A6009BE9E4 /* Frameworks */,
				4BC24DA32AFE47A6009BE9E4 /* Resources */,
			);
			buildRules = (
			);
			dependencies = (
				4BC24DA72AFE47A6009BE9E4 /* PBXTargetDependency */,
			);
			name = ZoomMonitoringSwiftUITests;
			productName = ZoomMonitoringSwiftUITests;
			productReference = 4BC24DA52AFE47A6009BE9E4 /* ZoomMonitoringSwiftUITests.xctest */;
			productType = "com.apple.product-type.bundle.unit-test";
		};
		4BC24DAE2AFE47A6009BE9E4 /* ZoomMonitoringSwiftUIUITests */ = {
			isa = PBXNativeTarget;
			buildConfigurationList = 4BC24DBF2AFE47A6009BE9E4 /* Build configuration list for PBXNativeTarget "ZoomMonitoringSwiftUIUITests" */;
			buildPhases = (
				4BC24DAB2AFE47A6009BE9E4 /* Sources */,
				4BC24DAC2AFE47A6009BE9E4 /* Frameworks */,
				4BC24DAD2AFE47A6009BE9E4 /* Resources */,
				4BC24F112B02AEDE009BE9E4 /* Embed Libraries */,
			);
			buildRules = (
			);
			dependencies = (
				4BC24DB12AFE47A6009BE9E4 /* PBXTargetDependency */,
			);
			name = ZoomMonitoringSwiftUIUITests;
			productName = ZoomMonitoringSwiftUIUITests;
			productReference = 4BC24DAF2AFE47A6009BE9E4 /* ZoomMonitoringSwiftUIUITests.xctest */;
			productType = "com.apple.product-type.bundle.ui-testing";
		};
/* End PBXNativeTarget section */

/* Begin PBXProject section */
		4BC24D8C2AFE47A5009BE9E4 /* Project object */ = {
			isa = PBXProject;
			attributes = {
				BuildIndependentTargetsInParallel = 1;
				LastSwiftUpdateCheck = 1500;
				LastUpgradeCheck = 1500;
				TargetAttributes = {
					4BC24D932AFE47A5009BE9E4 = {
						CreatedOnToolsVersion = 15.0;
					};
					4BC24DA42AFE47A6009BE9E4 = {
						CreatedOnToolsVersion = 15.0;
						TestTargetID = 4BC24D932AFE47A5009BE9E4;
					};
					4BC24DAE2AFE47A6009BE9E4 = {
						CreatedOnToolsVersion = 15.0;
						TestTargetID = 4BC24D932AFE47A5009BE9E4;
					};
				};
			};
			buildConfigurationList = 4BC24D8F2AFE47A5009BE9E4 /* Build configuration list for PBXProject "ZoomMonitoringSwiftUI" */;
			compatibilityVersion = "Xcode 14.0";
			developmentRegion = en;
			hasScannedForEncodings = 0;
			knownRegions = (
				en,
				Base,
			);
			mainGroup = 4BC24D8B2AFE47A5009BE9E4;
			packageReferences = (
				4BC24F1F2B054328009BE9E4 /* XCRemoteSwiftPackageReference "Discord.swift" */,
			);
			productRefGroup = 4BC24D952AFE47A5009BE9E4 /* Products */;
			projectDirPath = "";
			projectRoot = "";
			targets = (
				4BC24D932AFE47A5009BE9E4 /* ZoomMonitoringSwiftUI */,
				4BC24DA42AFE47A6009BE9E4 /* ZoomMonitoringSwiftUITests */,
				4BC24DAE2AFE47A6009BE9E4 /* ZoomMonitoringSwiftUIUITests */,
			);
		};
/* End PBXProject section */

/* Begin PBXResourcesBuildPhase section */
		4BC24D922AFE47A5009BE9E4 /* Resources */ = {
			isa = PBXResourcesBuildPhase;
			buildActionMask = 2147483647;
			files = (
				4BC24D9F2AFE47A6009BE9E4 /* Preview Assets.xcassets in Resources */,
				4BC24D9C2AFE47A6009BE9E4 /* Assets.xcassets in Resources */,
			);
			runOnlyForDeploymentPostprocessing = 0;
		};
		4BC24DA32AFE47A6009BE9E4 /* Resources */ = {
			isa = PBXResourcesBuildPhase;
			buildActionMask = 2147483647;
			files = (
			);
			runOnlyForDeploymentPostprocessing = 0;
		};
		4BC24DAD2AFE47A6009BE9E4 /* Resources */ = {
			isa = PBXResourcesBuildPhase;
			buildActionMask = 2147483647;
			files = (
			);
			runOnlyForDeploymentPostprocessing = 0;
		};
/* End PBXResourcesBuildPhase section */

/* Begin PBXSourcesBuildPhase section */
		4BC24D902AFE47A5009BE9E4 /* Sources */ = {
			isa = PBXSourcesBuildPhase;
			buildActionMask = 2147483647;
			files = (
				4BC24DC32AFE4974009BE9E4 /* Store.swift in Sources */,
				4BC24F232B05434A009BE9E4 /* DiscordManager.swift in Sources */,
				4BC24D9A2AFE47A5009BE9E4 /* ContentView.swift in Sources */,
				4BC24D982AFE47A5009BE9E4 /* ZoomMonitoringSwiftUIApp.swift in Sources */,
			);
			runOnlyForDeploymentPostprocessing = 0;
		};
		4BC24DA12AFE47A6009BE9E4 /* Sources */ = {
			isa = PBXSourcesBuildPhase;
			buildActionMask = 2147483647;
			files = (
				4BC24DAA2AFE47A6009BE9E4 /* ZoomMonitoringSwiftUITests.swift in Sources */,
			);
			runOnlyForDeploymentPostprocessing = 0;
		};
		4BC24DAB2AFE47A6009BE9E4 /* Sources */ = {
			isa = PBXSourcesBuildPhase;
			buildActionMask = 2147483647;
			files = (
				4BC24DB42AFE47A6009BE9E4 /* ZoomMonitoringSwiftUIUITests.swift in Sources */,
				4BC24DB62AFE47A6009BE9E4 /* ZoomMonitoringSwiftUIUITestsLaunchTests.swift in Sources */,
			);
			runOnlyForDeploymentPostprocessing = 0;
		};
/* End PBXSourcesBuildPhase section */

/* Begin PBXTargetDependency section */
		4BC24DA72AFE47A6009BE9E4 /* PBXTargetDependency */ = {
			isa = PBXTargetDependency;
			target = 4BC24D932AFE47A5009BE9E4 /* ZoomMonitoringSwiftUI */;
			targetProxy = 4BC24DA62AFE47A6009BE9E4 /* PBXContainerItemProxy */;
		};
		4BC24DB12AFE47A6009BE9E4 /* PBXTargetDependency */ = {
			isa = PBXTargetDependency;
			target = 4BC24D932AFE47A5009BE9E4 /* ZoomMonitoringSwiftUI */;
			targetProxy = 4BC24DB02AFE47A6009BE9E4 /* PBXContainerItemProxy */;
		};
/* End PBXTargetDependency section */

/* Begin XCBuildConfiguration section */
		4BC24DB72AFE47A6009BE9E4 /* Debug */ = {
			isa = XCBuildConfiguration;
			buildSettings = {
				ALWAYS_SEARCH_USER_PATHS = NO;
				ASSETCATALOG_COMPILER_GENERATE_SWIFT_ASSET_SYMBOL_EXTENSIONS = YES;
				CLANG_ANALYZER_NONNULL = YES;
				CLANG_ANALYZER_NUMBER_OBJECT_CONVERSION = YES_AGGRESSIVE;
				CLANG_CXX_LANGUAGE_STANDARD = "gnu++20";
				CLANG_ENABLE_MODULES = YES;
				CLANG_ENABLE_OBJC_ARC = YES;
				CLANG_ENABLE_OBJC_WEAK = YES;
				CLANG_WARN_BLOCK_CAPTURE_AUTORELEASING = YES;
				CLANG_WARN_BOOL_CONVERSION = YES;
				CLANG_WARN_COMMA = YES;
				CLANG_WARN_CONSTANT_CONVERSION = YES;
				CLANG_WARN_DEPRECATED_OBJC_IMPLEMENTATIONS = YES;
				CLANG_WARN_DIRECT_OBJC_ISA_USAGE = YES_ERROR;
				CLANG_WARN_DOCUMENTATION_COMMENTS = YES;
				CLANG_WARN_EMPTY_BODY = YES;
				CLANG_WARN_ENUM_CONVERSION = YES;
				CLANG_WARN_INFINITE_RECURSION = YES;
				CLANG_WARN_INT_CONVERSION = YES;
				CLANG_WARN_NON_LITERAL_NULL_CONVERSION = YES;
				CLANG_WARN_OBJC_IMPLICIT_RETAIN_SELF = YES;
				CLANG_WARN_OBJC_LITERAL_CONVERSION = YES;
				CLANG_WARN_OBJC_ROOT_CLASS = YES_ERROR;
				CLANG_WARN_QUOTED_INCLUDE_IN_FRAMEWORK_HEADER = YES;
				CLANG_WARN_RANGE_LOOP_ANALYSIS = YES;
				CLANG_WARN_STRICT_PROTOTYPES = YES;
				CLANG_WARN_SUSPICIOUS_MOVE = YES;
				CLANG_WARN_UNGUARDED_AVAILABILITY = YES_AGGRESSIVE;
				CLANG_WARN_UNREACHABLE_CODE = YES;
				CLANG_WARN__DUPLICATE_METHOD_MATCH = YES;
				COPY_PHASE_STRIP = NO;
				DEBUG_INFORMATION_FORMAT = dwarf;
				ENABLE_STRICT_OBJC_MSGSEND = YES;
				ENABLE_TESTABILITY = YES;
				ENABLE_USER_SCRIPT_SANDBOXING = YES;
				GCC_C_LANGUAGE_STANDARD = gnu17;
				GCC_DYNAMIC_NO_PIC = NO;
				GCC_NO_COMMON_BLOCKS = YES;
				GCC_OPTIMIZATION_LEVEL = 0;
				GCC_PREPROCESSOR_DEFINITIONS = (
					"DEBUG=1",
					"$(inherited)",
				);
				GCC_WARN_64_TO_32_BIT_CONVERSION = YES;
				GCC_WARN_ABOUT_RETURN_TYPE = YES_ERROR;
				GCC_WARN_UNDECLARED_SELECTOR = YES;
				GCC_WARN_UNINITIALIZED_AUTOS = YES_AGGRESSIVE;
				GCC_WARN_UNUSED_FUNCTION = YES;
				GCC_WARN_UNUSED_VARIABLE = YES;
				LOCALIZATION_PREFERS_STRING_CATALOGS = YES;
				MACOSX_DEPLOYMENT_TARGET = 14.0;
				MTL_ENABLE_DEBUG_INFO = INCLUDE_SOURCE;
				MTL_FAST_MATH = YES;
				ONLY_ACTIVE_ARCH = YES;
				SDKROOT = macosx;
				SWIFT_ACTIVE_COMPILATION_CONDITIONS = "DEBUG $(inherited)";
				SWIFT_OPTIMIZATION_LEVEL = "-Onone";
			};
			name = Debug;
		};
		4BC24DB82AFE47A6009BE9E4 /* Release */ = {
			isa = XCBuildConfiguration;
			buildSettings = {
				ALWAYS_SEARCH_USER_PATHS = NO;
				ASSETCATALOG_COMPILER_GENERATE_SWIFT_ASSET_SYMBOL_EXTENSIONS = YES;
				CLANG_ANALYZER_NONNULL = YES;
				CLANG_ANALYZER_NUMBER_OBJECT_CONVERSION = YES_AGGRESSIVE;
				CLANG_CXX_LANGUAGE_STANDARD = "gnu++20";
				CLANG_ENABLE_MODULES = YES;
				CLANG_ENABLE_OBJC_ARC = YES;
				CLANG_ENABLE_OBJC_WEAK = YES;
				CLANG_WARN_BLOCK_CAPTURE_AUTORELEASING = YES;
				CLANG_WARN_BOOL_CONVERSION = YES;
				CLANG_WARN_COMMA = YES;
				CLANG_WARN_CONSTANT_CONVERSION = YES;
				CLANG_WARN_DEPRECATED_OBJC_IMPLEMENTATIONS = YES;
				CLANG_WARN_DIRECT_OBJC_ISA_USAGE = YES_ERROR;
				CLANG_WARN_DOCUMENTATION_COMMENTS = YES;
				CLANG_WARN_EMPTY_BODY = YES;
				CLANG_WARN_ENUM_CONVERSION = YES;
				CLANG_WARN_INFINITE_RECURSION = YES;
				CLANG_WARN_INT_CONVERSION = YES;
				CLANG_WARN_NON_LITERAL_NULL_CONVERSION = YES;
				CLANG_WARN_OBJC_IMPLICIT_RETAIN_SELF = YES;
				CLANG_WARN_OBJC_LITERAL_CONVERSION = YES;
				CLANG_WARN_OBJC_ROOT_CLASS = YES_ERROR;
				CLANG_WARN_QUOTED_INCLUDE_IN_FRAMEWORK_HEADER = YES;
				CLANG_WARN_RANGE_LOOP_ANALYSIS = YES;
				CLANG_WARN_STRICT_PROTOTYPES = YES;
				CLANG_WARN_SUSPICIOUS_MOVE = YES;
				CLANG_WARN_UNGUARDED_AVAILABILITY = YES_AGGRESSIVE;
				CLANG_WARN_UNREACHABLE_CODE = YES;
				CLANG_WARN__DUPLICATE_METHOD_MATCH = YES;
				COPY_PHASE_STRIP = NO;
				DEBUG_INFORMATION_FORMAT = "dwarf-with-dsym";
				ENABLE_NS_ASSERTIONS = NO;
				ENABLE_STRICT_OBJC_MSGSEND = YES;
				ENABLE_USER_SCRIPT_SANDBOXING = YES;
				GCC_C_LANGUAGE_STANDARD = gnu17;
				GCC_NO_COMMON_BLOCKS = YES;
				GCC_WARN_64_TO_32_BIT_CONVERSION = YES;
				GCC_WARN_ABOUT_RETURN_TYPE = YES_ERROR;
				GCC_WARN_UNDECLARED_SELECTOR = YES;
				GCC_WARN_UNINITIALIZED_AUTOS = YES_AGGRESSIVE;
				GCC_WARN_UNUSED_FUNCTION = YES;
				GCC_WARN_UNUSED_VARIABLE = YES;
				LOCALIZATION_PREFERS_STRING_CATALOGS = YES;
				MACOSX_DEPLOYMENT_TARGET = 14.0;
				MTL_ENABLE_DEBUG_INFO = NO;
				MTL_FAST_MATH = YES;
				SDKROOT = macosx;
				SWIFT_COMPILATION_MODE = wholemodule;
			};
			name = Release;
		};
		4BC24DBA2AFE47A6009BE9E4 /* Debug */ = {
			isa = XCBuildConfiguration;
			buildSettings = {
				ASSETCATALOG_COMPILER_APPICON_NAME = AppIcon;
				ASSETCATALOG_COMPILER_GLOBAL_ACCENT_COLOR_NAME = AccentColor;
				CODE_SIGN_ENTITLEMENTS = ZoomMonitoringSwiftUI/ZoomMonitoringSwiftUI.entitlements;
				CODE_SIGN_STYLE = Automatic;
				COMBINE_HIDPI_IMAGES = YES;
				CURRENT_PROJECT_VERSION = 1;
				DEVELOPMENT_ASSET_PATHS = "\"ZoomMonitoringSwiftUI/Preview Content\"";
				DEVELOPMENT_TEAM = VMQRF4ZA4R;
				ENABLE_HARDENED_RUNTIME = YES;
				ENABLE_PREVIEWS = YES;
				"FRAMEWORK_SEARCH_PATHS[arch=*]" = "$(SRCROOT)/../ZoomSDK";
				GENERATE_INFOPLIST_FILE = YES;
				INFOPLIST_FILE = ZoomMonitoringSwiftUI/Info.plist;
				INFOPLIST_KEY_NSHumanReadableCopyright = "";
				LD_RUNPATH_SEARCH_PATHS = (
					"$(inherited)",
					"@executable_path/../Frameworks",
				);
				"LIBRARY_SEARCH_PATHS[arch=*]" = "$(SRCROOT)/../ZoomSDK";
				MACOSX_DEPLOYMENT_TARGET = 14.0;
				MARKETING_VERSION = 1.0;
				"OTHER_LDFLAGS[arch=*]" = "-ObjC";
				PRODUCT_BUNDLE_IDENTIFIER = kr.youngs.ZoomMonitoringSwiftUI;
				PRODUCT_NAME = "$(TARGET_NAME)";
				SWIFT_EMIT_LOC_STRINGS = YES;
				SWIFT_VERSION = 5.0;
			};
			name = Debug;
		};
		4BC24DBB2AFE47A6009BE9E4 /* Release */ = {
			isa = XCBuildConfiguration;
			buildSettings = {
				ASSETCATALOG_COMPILER_APPICON_NAME = AppIcon;
				ASSETCATALOG_COMPILER_GLOBAL_ACCENT_COLOR_NAME = AccentColor;
				CODE_SIGN_ENTITLEMENTS = ZoomMonitoringSwiftUI/ZoomMonitoringSwiftUI.entitlements;
				CODE_SIGN_STYLE = Automatic;
				COMBINE_HIDPI_IMAGES = YES;
				CURRENT_PROJECT_VERSION = 1;
				DEVELOPMENT_ASSET_PATHS = "\"ZoomMonitoringSwiftUI/Preview Content\"";
				DEVELOPMENT_TEAM = VMQRF4ZA4R;
				ENABLE_HARDENED_RUNTIME = YES;
				ENABLE_PREVIEWS = YES;
				"FRAMEWORK_SEARCH_PATHS[arch=*]" = "$(SRCROOT)/../ZoomSDK";
				GENERATE_INFOPLIST_FILE = YES;
				INFOPLIST_FILE = ZoomMonitoringSwiftUI/Info.plist;
				INFOPLIST_KEY_NSHumanReadableCopyright = "";
				LD_RUNPATH_SEARCH_PATHS = (
					"$(inherited)",
					"@executable_path/../Frameworks",
				);
				"LIBRARY_SEARCH_PATHS[arch=*]" = "$(SRCROOT)/../ZoomSDK";
				MACOSX_DEPLOYMENT_TARGET = 14.0;
				MARKETING_VERSION = 1.0;
				"OTHER_LDFLAGS[arch=*]" = "-ObjC";
				PRODUCT_BUNDLE_IDENTIFIER = kr.youngs.ZoomMonitoringSwiftUI;
				PRODUCT_NAME = "$(TARGET_NAME)";
				SWIFT_EMIT_LOC_STRINGS = YES;
				SWIFT_VERSION = 5.0;
			};
			name = Release;
		};
		4BC24DBD2AFE47A6009BE9E4 /* Debug */ = {
			isa = XCBuildConfiguration;
			buildSettings = {
				ALWAYS_EMBED_SWIFT_STANDARD_LIBRARIES = YES;
				BUNDLE_LOADER = "$(TEST_HOST)";
				CODE_SIGN_STYLE = Automatic;
				CURRENT_PROJECT_VERSION = 1;
				DEVELOPMENT_TEAM = VMQRF4ZA4R;
				GENERATE_INFOPLIST_FILE = YES;
				MACOSX_DEPLOYMENT_TARGET = 14.0;
				MARKETING_VERSION = 1.0;
				PRODUCT_BUNDLE_IDENTIFIER = kr.youngs.ZoomMonitoringSwiftUITests;
				PRODUCT_NAME = "$(TARGET_NAME)";
				SWIFT_EMIT_LOC_STRINGS = NO;
				SWIFT_VERSION = 5.0;
				TEST_HOST = "$(BUILT_PRODUCTS_DIR)/ZoomMonitoringSwiftUI.app/$(BUNDLE_EXECUTABLE_FOLDER_PATH)/ZoomMonitoringSwiftUI";
			};
			name = Debug;
		};
		4BC24DBE2AFE47A6009BE9E4 /* Release */ = {
			isa = XCBuildConfiguration;
			buildSettings = {
				ALWAYS_EMBED_SWIFT_STANDARD_LIBRARIES = YES;
				BUNDLE_LOADER = "$(TEST_HOST)";
				CODE_SIGN_STYLE = Automatic;
				CURRENT_PROJECT_VERSION = 1;
				DEVELOPMENT_TEAM = VMQRF4ZA4R;
				GENERATE_INFOPLIST_FILE = YES;
				MACOSX_DEPLOYMENT_TARGET = 14.0;
				MARKETING_VERSION = 1.0;
				PRODUCT_BUNDLE_IDENTIFIER = kr.youngs.ZoomMonitoringSwiftUITests;
				PRODUCT_NAME = "$(TARGET_NAME)";
				SWIFT_EMIT_LOC_STRINGS = NO;
				SWIFT_VERSION = 5.0;
				TEST_HOST = "$(BUILT_PRODUCTS_DIR)/ZoomMonitoringSwiftUI.app/$(BUNDLE_EXECUTABLE_FOLDER_PATH)/ZoomMonitoringSwiftUI";
			};
			name = Release;
		};
		4BC24DC02AFE47A6009BE9E4 /* Debug */ = {
			isa = XCBuildConfiguration;
			buildSettings = {
				ALWAYS_EMBED_SWIFT_STANDARD_LIBRARIES = YES;
				CODE_SIGN_STYLE = Automatic;
				CURRENT_PROJECT_VERSION = 1;
				DEVELOPMENT_TEAM = VMQRF4ZA4R;
				GENERATE_INFOPLIST_FILE = YES;
				MARKETING_VERSION = 1.0;
				PRODUCT_BUNDLE_IDENTIFIER = kr.youngs.ZoomMonitoringSwiftUIUITests;
				PRODUCT_NAME = "$(TARGET_NAME)";
				SWIFT_EMIT_LOC_STRINGS = NO;
				SWIFT_VERSION = 5.0;
				TEST_TARGET_NAME = ZoomMonitoringSwiftUI;
			};
			name = Debug;
		};
		4BC24DC12AFE47A6009BE9E4 /* Release */ = {
			isa = XCBuildConfiguration;
			buildSettings = {
				ALWAYS_EMBED_SWIFT_STANDARD_LIBRARIES = YES;
				CODE_SIGN_STYLE = Automatic;
				CURRENT_PROJECT_VERSION = 1;
				DEVELOPMENT_TEAM = VMQRF4ZA4R;
				GENERATE_INFOPLIST_FILE = YES;
				MARKETING_VERSION = 1.0;
				PRODUCT_BUNDLE_IDENTIFIER = kr.youngs.ZoomMonitoringSwiftUIUITests;
				PRODUCT_NAME = "$(TARGET_NAME)";
				SWIFT_EMIT_LOC_STRINGS = NO;
				SWIFT_VERSION = 5.0;
				TEST_TARGET_NAME = ZoomMonitoringSwiftUI;
			};
			name = Release;
		};
/* End XCBuildConfiguration section */

/* Begin XCConfigurationList section */
		4BC24D8F2AFE47A5009BE9E4 /* Build configuration list for PBXProject "ZoomMonitoringSwiftUI" */ = {
			isa = XCConfigurationList;
			buildConfigurations = (
				4BC24DB72AFE47A6009BE9E4 /* Debug */,
				4BC24DB82AFE47A6009BE9E4 /* Release */,
			);
			defaultConfigurationIsVisible = 0;
			defaultConfigurationName = Release;
		};
		4BC24DB92AFE47A6009BE9E4 /* Build configuration list for PBXNativeTarget "ZoomMonitoringSwiftUI" */ = {
			isa = XCConfigurationList;
			buildConfigurations = (
				4BC24DBA2AFE47A6009BE9E4 /* Debug */,
				4BC24DBB2AFE47A6009BE9E4 /* Release */,
			);
			defaultConfigurationIsVisible = 0;
			defaultConfigurationName = Release;
		};
		4BC24DBC2AFE47A6009BE9E4 /* Build configuration list for PBXNativeTarget "ZoomMonitoringSwiftUITests" */ = {
			isa = XCConfigurationList;
			buildConfigurations = (
				4BC24DBD2AFE47A6009BE9E4 /* Debug */,
				4BC24DBE2AFE47A6009BE9E4 /* Release */,
			);
			defaultConfigurationIsVisible = 0;
			defaultConfigurationName = Release;
		};
		4BC24DBF2AFE47A6009BE9E4 /* Build configuration list for PBXNativeTarget "ZoomMonitoringSwiftUIUITests" */ = {
			isa = XCConfigurationList;
			buildConfigurations = (
				4BC24DC02AFE47A6009BE9E4 /* Debug */,
				4BC24DC12AFE47A6009BE9E4 /* Release */,
			);
			defaultConfigurationIsVisible = 0;
			defaultConfigurationName = Release;
		};
/* End XCConfigurationList section */

/* Begin XCRemoteSwiftPackageReference section */
		4BC24F1F2B054328009BE9E4 /* XCRemoteSwiftPackageReference "Discord.swift" */ = {
			isa = XCRemoteSwiftPackageReference;
			repositoryURL = "https://github.com/Defxult/Discord.swift.git";
			requirement = {
				branch = main;
				kind = branch;
			};
		};
/* End XCRemoteSwiftPackageReference section */

/* Begin XCSwiftPackageProductDependency section */
		4BC24F202B054328009BE9E4 /* Discord */ = {
			isa = XCSwiftPackageProductDependency;
			package = 4BC24F1F2B054328009BE9E4 /* XCRemoteSwiftPackageReference "Discord.swift" */;
			productName = Discord;
		};
/* End XCSwiftPackageProductDependency section */
	};
	rootObject = 4BC24D8C2AFE47A5009BE9E4 /* Project object */;
}
